// !$*UTF8*$!
{
	archiveVersion = 1;
	classes = {
	};
	objectVersion = 51;
	objects = {

/* Begin PBXBuildFile section */
		49C85643913FBB268DF0B37A /* Pods_RedKeep.framework in Frameworks */ = {isa = PBXBuildFile; fileRef = 23EF30665E317CB9DE58B139 /* Pods_RedKeep.framework */; };
		619E29CAED35DDEC52EEC61E /* Pods_RedKeepTests.framework in Frameworks */ = {isa = PBXBuildFile; fileRef = 4A77ADFBB935D3AC930182FE /* Pods_RedKeepTests.framework */; };
		A80549D1240EA7B300B25C42 /* WelcomeNavigator.swift in Sources */ = {isa = PBXBuildFile; fileRef = A80549D0240EA7B200B25C42 /* WelcomeNavigator.swift */; };
		A85EB05C2412958C008A0022 /* PrimaryTextField.swift in Sources */ = {isa = PBXBuildFile; fileRef = A85EB05B2412958C008A0022 /* PrimaryTextField.swift */; };
		A85EB05E24165EFD008A0022 /* String.swift in Sources */ = {isa = PBXBuildFile; fileRef = A85EB05D24165EFD008A0022 /* String.swift */; };
		A85EB06024167128008A0022 /* UIColor.swift in Sources */ = {isa = PBXBuildFile; fileRef = A85EB05F24167128008A0022 /* UIColor.swift */; };
		A85EB06224168480008A0022 /* Dimension.swift in Sources */ = {isa = PBXBuildFile; fileRef = A85EB06124168480008A0022 /* Dimension.swift */; };
		A85EB06424168FD8008A0022 /* Localizable.strings in Resources */ = {isa = PBXBuildFile; fileRef = A85EB06324168FD8008A0022 /* Localizable.strings */; };
		A85EB066241693DD008A0022 /* UIView.swift in Sources */ = {isa = PBXBuildFile; fileRef = A85EB065241693DD008A0022 /* UIView.swift */; };
		A85EB06824169599008A0022 /* UIButton.swift in Sources */ = {isa = PBXBuildFile; fileRef = A85EB06724169599008A0022 /* UIButton.swift */; };
		A85EB06A2416967C008A0022 /* UILabel.swift in Sources */ = {isa = PBXBuildFile; fileRef = A85EB0692416967C008A0022 /* UILabel.swift */; };
		A85EB06E2418E70E008A0022 /* Style.swift in Sources */ = {isa = PBXBuildFile; fileRef = A85EB06D2418E70E008A0022 /* Style.swift */; };
		A86641BF24191FB200A6A248 /* AppStyle.swift in Sources */ = {isa = PBXBuildFile; fileRef = A86641BE24191FB200A6A248 /* AppStyle.swift */; };
		A86641C3241A7DD500A6A248 /* AppConfiguration.swift in Sources */ = {isa = PBXBuildFile; fileRef = A86641C2241A7DD500A6A248 /* AppConfiguration.swift */; };
		A89AC2FC244D9F2F00DF37B1 /* LaunchViewController.swift in Sources */ = {isa = PBXBuildFile; fileRef = A89AC2FB244D9F2F00DF37B1 /* LaunchViewController.swift */; };
		A89AC2FE244D9F8F00DF37B1 /* LaunchViewModel.swift in Sources */ = {isa = PBXBuildFile; fileRef = A89AC2FD244D9F8F00DF37B1 /* LaunchViewModel.swift */; };
		A89AC300244D9FC100DF37B1 /* LaunchNavigator.swift in Sources */ = {isa = PBXBuildFile; fileRef = A89AC2FF244D9FC100DF37B1 /* LaunchNavigator.swift */; };
		A89AC302244DB8CE00DF37B1 /* DispatchQueue.swift in Sources */ = {isa = PBXBuildFile; fileRef = A89AC301244DB8CE00DF37B1 /* DispatchQueue.swift */; };
		A89AC304244DBD6700DF37B1 /* UIImageView.swift in Sources */ = {isa = PBXBuildFile; fileRef = A89AC303244DBD6700DF37B1 /* UIImageView.swift */; };
		A89AC306244DCE6D00DF37B1 /* LaunchScreen.storyboard in Resources */ = {isa = PBXBuildFile; fileRef = A89AC305244DCE6D00DF37B1 /* LaunchScreen.storyboard */; };
		A8A104ED24111FB3003697E0 /* LoginRepository.swift in Sources */ = {isa = PBXBuildFile; fileRef = A8A104EC24111FB2003697E0 /* LoginRepository.swift */; };
		A8A104F024114733003697E0 /* User.swift in Sources */ = {isa = PBXBuildFile; fileRef = A8A104EF24114733003697E0 /* User.swift */; };
		A8CD5B3A2407F64700F73989 /* AppDelegate.swift in Sources */ = {isa = PBXBuildFile; fileRef = A8CD5B392407F64700F73989 /* AppDelegate.swift */; };
		A8CD5B3F2407F64700F73989 /* Main.storyboard in Resources */ = {isa = PBXBuildFile; fileRef = A8CD5B3D2407F64700F73989 /* Main.storyboard */; };
		A8CD5B412407F64B00F73989 /* Assets.xcassets in Resources */ = {isa = PBXBuildFile; fileRef = A8CD5B402407F64B00F73989 /* Assets.xcassets */; };
		A8CD5B4F2407F64C00F73989 /* RedKeepTests.swift in Sources */ = {isa = PBXBuildFile; fileRef = A8CD5B4E2407F64C00F73989 /* RedKeepTests.swift */; };
		A8CD5B5A2407F64C00F73989 /* RedKeepUITests.swift in Sources */ = {isa = PBXBuildFile; fileRef = A8CD5B592407F64C00F73989 /* RedKeepUITests.swift */; };
		A8CD5B6C2408025300F73989 /* Navigator.swift in Sources */ = {isa = PBXBuildFile; fileRef = A8CD5B6B2408025300F73989 /* Navigator.swift */; };
		A8CD5B6F2408143800F73989 /* UIViewController.swift in Sources */ = {isa = PBXBuildFile; fileRef = A8CD5B6E2408143800F73989 /* UIViewController.swift */; };
		A8CD5B71240815EF00F73989 /* AppStoryboard.swift in Sources */ = {isa = PBXBuildFile; fileRef = A8CD5B70240815EF00F73989 /* AppStoryboard.swift */; };
		A8CD5B732409463700F73989 /* Welcome.storyboard in Resources */ = {isa = PBXBuildFile; fileRef = A8CD5B722409463700F73989 /* Welcome.storyboard */; };
		A8CD5B76240949E200F73989 /* LoginViewController.swift in Sources */ = {isa = PBXBuildFile; fileRef = A8CD5B75240949E200F73989 /* LoginViewController.swift */; };
		A8CD5B7824094A1500F73989 /* BaseViewController.swift in Sources */ = {isa = PBXBuildFile; fileRef = A8CD5B7724094A1500F73989 /* BaseViewController.swift */; };
		A8CD5B7A24094A3000F73989 /* BaseViewModel.swift in Sources */ = {isa = PBXBuildFile; fileRef = A8CD5B7924094A3000F73989 /* BaseViewModel.swift */; };
		A8CD5B7C24094BC600F73989 /* LoginViewModel.swift in Sources */ = {isa = PBXBuildFile; fileRef = A8CD5B7B24094BC600F73989 /* LoginViewModel.swift */; };
		A8DD963B2464558C00BF67EA /* UIImage.swift in Sources */ = {isa = PBXBuildFile; fileRef = A8DD963A2464558C00BF67EA /* UIImage.swift */; };
		A8DD963D2464831200BF67EA /* KeyboardHelper.swift in Sources */ = {isa = PBXBuildFile; fileRef = A8DD963C2464831200BF67EA /* KeyboardHelper.swift */; };
		B3A55123895249770B9C9931 /* Pods_RedKeep_RedKeepUITests.framework in Frameworks */ = {isa = PBXBuildFile; fileRef = 172ECCF40C126128981CB407 /* Pods_RedKeep_RedKeepUITests.framework */; };
/* End PBXBuildFile section */

/* Begin PBXContainerItemProxy section */
		A8CD5B4B2407F64C00F73989 /* PBXContainerItemProxy */ = {
			isa = PBXContainerItemProxy;
			containerPortal = A8CD5B2E2407F64700F73989 /* Project object */;
			proxyType = 1;
			remoteGlobalIDString = A8CD5B352407F64700F73989;
			remoteInfo = RedKeep;
		};
		A8CD5B562407F64C00F73989 /* PBXContainerItemProxy */ = {
			isa = PBXContainerItemProxy;
			containerPortal = A8CD5B2E2407F64700F73989 /* Project object */;
			proxyType = 1;
			remoteGlobalIDString = A8CD5B352407F64700F73989;
			remoteInfo = RedKeep;
		};
/* End PBXContainerItemProxy section */

/* Begin PBXFileReference section */
		172ECCF40C126128981CB407 /* Pods_RedKeep_RedKeepUITests.framework */ = {isa = PBXFileReference; explicitFileType = wrapper.framework; includeInIndex = 0; path = Pods_RedKeep_RedKeepUITests.framework; sourceTree = BUILT_PRODUCTS_DIR; };
		23EF30665E317CB9DE58B139 /* Pods_RedKeep.framework */ = {isa = PBXFileReference; explicitFileType = wrapper.framework; includeInIndex = 0; path = Pods_RedKeep.framework; sourceTree = BUILT_PRODUCTS_DIR; };
		42161DCDBD568EA3A64C2D8C /* Pods-RedKeep-RedKeepUITests.debug.xcconfig */ = {isa = PBXFileReference; includeInIndex = 1; lastKnownFileType = text.xcconfig; name = "Pods-RedKeep-RedKeepUITests.debug.xcconfig"; path = "Target Support Files/Pods-RedKeep-RedKeepUITests/Pods-RedKeep-RedKeepUITests.debug.xcconfig"; sourceTree = "<group>"; };
		4A77ADFBB935D3AC930182FE /* Pods_RedKeepTests.framework */ = {isa = PBXFileReference; explicitFileType = wrapper.framework; includeInIndex = 0; path = Pods_RedKeepTests.framework; sourceTree = BUILT_PRODUCTS_DIR; };
		A80549D0240EA7B200B25C42 /* WelcomeNavigator.swift */ = {isa = PBXFileReference; lastKnownFileType = sourcecode.swift; path = WelcomeNavigator.swift; sourceTree = "<group>"; };
		A85EB05B2412958C008A0022 /* PrimaryTextField.swift */ = {isa = PBXFileReference; lastKnownFileType = sourcecode.swift; path = PrimaryTextField.swift; sourceTree = "<group>"; };
		A85EB05D24165EFD008A0022 /* String.swift */ = {isa = PBXFileReference; lastKnownFileType = sourcecode.swift; path = String.swift; sourceTree = "<group>"; };
		A85EB05F24167128008A0022 /* UIColor.swift */ = {isa = PBXFileReference; lastKnownFileType = sourcecode.swift; path = UIColor.swift; sourceTree = "<group>"; };
		A85EB06124168480008A0022 /* Dimension.swift */ = {isa = PBXFileReference; lastKnownFileType = sourcecode.swift; name = Dimension.swift; path = ../Extensions/Dimension.swift; sourceTree = "<group>"; };
		A85EB06324168FD8008A0022 /* Localizable.strings */ = {isa = PBXFileReference; lastKnownFileType = text.plist.strings; path = Localizable.strings; sourceTree = "<group>"; };
		A85EB065241693DD008A0022 /* UIView.swift */ = {isa = PBXFileReference; lastKnownFileType = sourcecode.swift; path = UIView.swift; sourceTree = "<group>"; };
		A85EB06724169599008A0022 /* UIButton.swift */ = {isa = PBXFileReference; lastKnownFileType = sourcecode.swift; path = UIButton.swift; sourceTree = "<group>"; };
		A85EB0692416967C008A0022 /* UILabel.swift */ = {isa = PBXFileReference; lastKnownFileType = sourcecode.swift; path = UILabel.swift; sourceTree = "<group>"; };
		A85EB06D2418E70E008A0022 /* Style.swift */ = {isa = PBXFileReference; lastKnownFileType = sourcecode.swift; path = Style.swift; sourceTree = "<group>"; };
		A86641BE24191FB200A6A248 /* AppStyle.swift */ = {isa = PBXFileReference; lastKnownFileType = sourcecode.swift; path = AppStyle.swift; sourceTree = "<group>"; };
		A86641C2241A7DD500A6A248 /* AppConfiguration.swift */ = {isa = PBXFileReference; lastKnownFileType = sourcecode.swift; path = AppConfiguration.swift; sourceTree = "<group>"; };
		A89AC2FB244D9F2F00DF37B1 /* LaunchViewController.swift */ = {isa = PBXFileReference; lastKnownFileType = sourcecode.swift; path = LaunchViewController.swift; sourceTree = "<group>"; };
		A89AC2FD244D9F8F00DF37B1 /* LaunchViewModel.swift */ = {isa = PBXFileReference; lastKnownFileType = sourcecode.swift; path = LaunchViewModel.swift; sourceTree = "<group>"; };
		A89AC2FF244D9FC100DF37B1 /* LaunchNavigator.swift */ = {isa = PBXFileReference; lastKnownFileType = sourcecode.swift; path = LaunchNavigator.swift; sourceTree = "<group>"; };
		A89AC301244DB8CE00DF37B1 /* DispatchQueue.swift */ = {isa = PBXFileReference; lastKnownFileType = sourcecode.swift; path = DispatchQueue.swift; sourceTree = "<group>"; };
		A89AC303244DBD6700DF37B1 /* UIImageView.swift */ = {isa = PBXFileReference; lastKnownFileType = sourcecode.swift; path = UIImageView.swift; sourceTree = "<group>"; };
		A89AC305244DCE6D00DF37B1 /* LaunchScreen.storyboard */ = {isa = PBXFileReference; lastKnownFileType = file.storyboard; path = LaunchScreen.storyboard; sourceTree = "<group>"; };
		A8A104EC24111FB2003697E0 /* LoginRepository.swift */ = {isa = PBXFileReference; lastKnownFileType = sourcecode.swift; path = LoginRepository.swift; sourceTree = "<group>"; };
		A8A104EF24114733003697E0 /* User.swift */ = {isa = PBXFileReference; lastKnownFileType = sourcecode.swift; path = User.swift; sourceTree = "<group>"; };
		A8CD5B362407F64700F73989 /* RedKeep.app */ = {isa = PBXFileReference; explicitFileType = wrapper.application; includeInIndex = 0; path = RedKeep.app; sourceTree = BUILT_PRODUCTS_DIR; };
		A8CD5B392407F64700F73989 /* AppDelegate.swift */ = {isa = PBXFileReference; lastKnownFileType = sourcecode.swift; path = AppDelegate.swift; sourceTree = "<group>"; };
		A8CD5B3E2407F64700F73989 /* Base */ = {isa = PBXFileReference; lastKnownFileType = file.storyboard; name = Base; path = Base.lproj/Main.storyboard; sourceTree = "<group>"; };
		A8CD5B402407F64B00F73989 /* Assets.xcassets */ = {isa = PBXFileReference; lastKnownFileType = folder.assetcatalog; path = Assets.xcassets; sourceTree = "<group>"; };
		A8CD5B452407F64B00F73989 /* Info.plist */ = {isa = PBXFileReference; lastKnownFileType = text.plist.xml; path = Info.plist; sourceTree = "<group>"; };
		A8CD5B4A2407F64C00F73989 /* RedKeepTests.xctest */ = {isa = PBXFileReference; explicitFileType = wrapper.cfbundle; includeInIndex = 0; path = RedKeepTests.xctest; sourceTree = BUILT_PRODUCTS_DIR; };
		A8CD5B4E2407F64C00F73989 /* RedKeepTests.swift */ = {isa = PBXFileReference; lastKnownFileType = sourcecode.swift; path = RedKeepTests.swift; sourceTree = "<group>"; };
		A8CD5B502407F64C00F73989 /* Info.plist */ = {isa = PBXFileReference; lastKnownFileType = text.plist.xml; path = Info.plist; sourceTree = "<group>"; };
		A8CD5B552407F64C00F73989 /* RedKeepUITests.xctest */ = {isa = PBXFileReference; explicitFileType = wrapper.cfbundle; includeInIndex = 0; path = RedKeepUITests.xctest; sourceTree = BUILT_PRODUCTS_DIR; };
		A8CD5B592407F64C00F73989 /* RedKeepUITests.swift */ = {isa = PBXFileReference; lastKnownFileType = sourcecode.swift; path = RedKeepUITests.swift; sourceTree = "<group>"; };
		A8CD5B5B2407F64C00F73989 /* Info.plist */ = {isa = PBXFileReference; lastKnownFileType = text.plist.xml; path = Info.plist; sourceTree = "<group>"; };
		A8CD5B6B2408025300F73989 /* Navigator.swift */ = {isa = PBXFileReference; lastKnownFileType = sourcecode.swift; path = Navigator.swift; sourceTree = "<group>"; };
		A8CD5B6E2408143800F73989 /* UIViewController.swift */ = {isa = PBXFileReference; lastKnownFileType = sourcecode.swift; path = UIViewController.swift; sourceTree = "<group>"; };
		A8CD5B70240815EF00F73989 /* AppStoryboard.swift */ = {isa = PBXFileReference; lastKnownFileType = sourcecode.swift; path = AppStoryboard.swift; sourceTree = "<group>"; };
		A8CD5B722409463700F73989 /* Welcome.storyboard */ = {isa = PBXFileReference; lastKnownFileType = file.storyboard; path = Welcome.storyboard; sourceTree = "<group>"; };
		A8CD5B75240949E200F73989 /* LoginViewController.swift */ = {isa = PBXFileReference; lastKnownFileType = sourcecode.swift; path = LoginViewController.swift; sourceTree = "<group>"; };
		A8CD5B7724094A1500F73989 /* BaseViewController.swift */ = {isa = PBXFileReference; lastKnownFileType = sourcecode.swift; path = BaseViewController.swift; sourceTree = "<group>"; };
		A8CD5B7924094A3000F73989 /* BaseViewModel.swift */ = {isa = PBXFileReference; lastKnownFileType = sourcecode.swift; path = BaseViewModel.swift; sourceTree = "<group>"; };
		A8CD5B7B24094BC600F73989 /* LoginViewModel.swift */ = {isa = PBXFileReference; lastKnownFileType = sourcecode.swift; path = LoginViewModel.swift; sourceTree = "<group>"; };
		A8DD963A2464558C00BF67EA /* UIImage.swift */ = {isa = PBXFileReference; lastKnownFileType = sourcecode.swift; path = UIImage.swift; sourceTree = "<group>"; };
		A8DD963C2464831200BF67EA /* KeyboardHelper.swift */ = {isa = PBXFileReference; lastKnownFileType = sourcecode.swift; path = KeyboardHelper.swift; sourceTree = "<group>"; };
		AB97C0A7D1CEDFC00E5F8A8F /* Pods-RedKeepTests.debug.xcconfig */ = {isa = PBXFileReference; includeInIndex = 1; lastKnownFileType = text.xcconfig; name = "Pods-RedKeepTests.debug.xcconfig"; path = "Target Support Files/Pods-RedKeepTests/Pods-RedKeepTests.debug.xcconfig"; sourceTree = "<group>"; };
		BD7A68058CA9D966158F846C /* Pods-RedKeep.release.xcconfig */ = {isa = PBXFileReference; includeInIndex = 1; lastKnownFileType = text.xcconfig; name = "Pods-RedKeep.release.xcconfig"; path = "Target Support Files/Pods-RedKeep/Pods-RedKeep.release.xcconfig"; sourceTree = "<group>"; };
		C92BDB581921A06D530E07CB /* Pods-RedKeepTests.release.xcconfig */ = {isa = PBXFileReference; includeInIndex = 1; lastKnownFileType = text.xcconfig; name = "Pods-RedKeepTests.release.xcconfig"; path = "Target Support Files/Pods-RedKeepTests/Pods-RedKeepTests.release.xcconfig"; sourceTree = "<group>"; };
		F0E958B62E01B78762FDEB8F /* Pods-RedKeep.debug.xcconfig */ = {isa = PBXFileReference; includeInIndex = 1; lastKnownFileType = text.xcconfig; name = "Pods-RedKeep.debug.xcconfig"; path = "Target Support Files/Pods-RedKeep/Pods-RedKeep.debug.xcconfig"; sourceTree = "<group>"; };
		F43604B2707DEAE6A804FDBE /* Pods-RedKeep-RedKeepUITests.release.xcconfig */ = {isa = PBXFileReference; includeInIndex = 1; lastKnownFileType = text.xcconfig; name = "Pods-RedKeep-RedKeepUITests.release.xcconfig"; path = "Target Support Files/Pods-RedKeep-RedKeepUITests/Pods-RedKeep-RedKeepUITests.release.xcconfig"; sourceTree = "<group>"; };
/* End PBXFileReference section */

/* Begin PBXFrameworksBuildPhase section */
		A8CD5B332407F64700F73989 /* Frameworks */ = {
			isa = PBXFrameworksBuildPhase;
			buildActionMask = 2147483647;
			files = (
				49C85643913FBB268DF0B37A /* Pods_RedKeep.framework in Frameworks */,
			);
			runOnlyForDeploymentPostprocessing = 0;
		};
		A8CD5B472407F64C00F73989 /* Frameworks */ = {
			isa = PBXFrameworksBuildPhase;
			buildActionMask = 2147483647;
			files = (
				619E29CAED35DDEC52EEC61E /* Pods_RedKeepTests.framework in Frameworks */,
			);
			runOnlyForDeploymentPostprocessing = 0;
		};
		A8CD5B522407F64C00F73989 /* Frameworks */ = {
			isa = PBXFrameworksBuildPhase;
			buildActionMask = 2147483647;
			files = (
				B3A55123895249770B9C9931 /* Pods_RedKeep_RedKeepUITests.framework in Frameworks */,
			);
			runOnlyForDeploymentPostprocessing = 0;
		};
/* End PBXFrameworksBuildPhase section */

/* Begin PBXGroup section */
		348633C10D1DBE158A106BC6 /* Pods */ = {
			isa = PBXGroup;
			children = (
				F0E958B62E01B78762FDEB8F /* Pods-RedKeep.debug.xcconfig */,
				BD7A68058CA9D966158F846C /* Pods-RedKeep.release.xcconfig */,
				42161DCDBD568EA3A64C2D8C /* Pods-RedKeep-RedKeepUITests.debug.xcconfig */,
				F43604B2707DEAE6A804FDBE /* Pods-RedKeep-RedKeepUITests.release.xcconfig */,
				AB97C0A7D1CEDFC00E5F8A8F /* Pods-RedKeepTests.debug.xcconfig */,
				C92BDB581921A06D530E07CB /* Pods-RedKeepTests.release.xcconfig */,
			);
			path = Pods;
			sourceTree = "<group>";
		};
		838240BA3667ABC858519BF2 /* Frameworks */ = {
			isa = PBXGroup;
			children = (
				23EF30665E317CB9DE58B139 /* Pods_RedKeep.framework */,
				172ECCF40C126128981CB407 /* Pods_RedKeep_RedKeepUITests.framework */,
				4A77ADFBB935D3AC930182FE /* Pods_RedKeepTests.framework */,
			);
			name = Frameworks;
			sourceTree = "<group>";
		};
		A85EB05A24129574008A0022 /* Components */ = {
			isa = PBXGroup;
			children = (
				A85EB05B2412958C008A0022 /* PrimaryTextField.swift */,
			);
			path = Components;
			sourceTree = "<group>";
		};
		A85EB06C2418E6EA008A0022 /* Styles */ = {
			isa = PBXGroup;
			children = (
				A85EB06D2418E70E008A0022 /* Style.swift */,
				A86641BE24191FB200A6A248 /* AppStyle.swift */,
			);
			path = Styles;
			sourceTree = "<group>";
		};
		A89AC2FA244D9C6F00DF37B1 /* Launch */ = {
			isa = PBXGroup;
			children = (
				A89AC2FB244D9F2F00DF37B1 /* LaunchViewController.swift */,
				A89AC2FD244D9F8F00DF37B1 /* LaunchViewModel.swift */,
				A89AC2FF244D9FC100DF37B1 /* LaunchNavigator.swift */,
				A89AC305244DCE6D00DF37B1 /* LaunchScreen.storyboard */,
			);
			path = Launch;
			sourceTree = "<group>";
		};
		A8A104EE24114723003697E0 /* Models */ = {
			isa = PBXGroup;
			children = (
				A8A104EF24114733003697E0 /* User.swift */,
			);
			path = Models;
			sourceTree = "<group>";
		};
		A8CD5B2D2407F64700F73989 = {
			isa = PBXGroup;
			children = (
				A8CD5B382407F64700F73989 /* RedKeep */,
				A8CD5B4D2407F64C00F73989 /* RedKeepTests */,
				A8CD5B582407F64C00F73989 /* RedKeepUITests */,
				A8CD5B372407F64700F73989 /* Products */,
				348633C10D1DBE158A106BC6 /* Pods */,
				838240BA3667ABC858519BF2 /* Frameworks */,
			);
			sourceTree = "<group>";
		};
		A8CD5B372407F64700F73989 /* Products */ = {
			isa = PBXGroup;
			children = (
				A8CD5B362407F64700F73989 /* RedKeep.app */,
				A8CD5B4A2407F64C00F73989 /* RedKeepTests.xctest */,
				A8CD5B552407F64C00F73989 /* RedKeepUITests.xctest */,
			);
			name = Products;
			sourceTree = "<group>";
		};
		A8CD5B382407F64700F73989 /* RedKeep */ = {
			isa = PBXGroup;
			children = (
				A8CD5B69240801F500F73989 /* Common */,
				A8CD5B68240801D500F73989 /* UI */,
				A8CD5B672408009100F73989 /* Data */,
				A8CD5B392407F64700F73989 /* AppDelegate.swift */,
				A86641C2241A7DD500A6A248 /* AppConfiguration.swift */,
				A8CD5B402407F64B00F73989 /* Assets.xcassets */,
				A8CD5B452407F64B00F73989 /* Info.plist */,
				A85EB06324168FD8008A0022 /* Localizable.strings */,
			);
			path = RedKeep;
			sourceTree = "<group>";
		};
		A8CD5B4D2407F64C00F73989 /* RedKeepTests */ = {
			isa = PBXGroup;
			children = (
				A8CD5B4E2407F64C00F73989 /* RedKeepTests.swift */,
				A8CD5B502407F64C00F73989 /* Info.plist */,
			);
			path = RedKeepTests;
			sourceTree = "<group>";
		};
		A8CD5B582407F64C00F73989 /* RedKeepUITests */ = {
			isa = PBXGroup;
			children = (
				A8CD5B592407F64C00F73989 /* RedKeepUITests.swift */,
				A8CD5B5B2407F64C00F73989 /* Info.plist */,
			);
			path = RedKeepUITests;
			sourceTree = "<group>";
		};
		A8CD5B672408009100F73989 /* Data */ = {
			isa = PBXGroup;
			children = (
				A8A104EE24114723003697E0 /* Models */,
				A8A104EC24111FB2003697E0 /* LoginRepository.swift */,
			);
			path = Data;
			sourceTree = "<group>";
		};
		A8CD5B68240801D500F73989 /* UI */ = {
			isa = PBXGroup;
			children = (
				A8CD5B6A2408021500F73989 /* Base */,
				A85EB06C2418E6EA008A0022 /* Styles */,
				A8CD5B6D2408141600F73989 /* Extensions */,
				A85EB05A24129574008A0022 /* Components */,
				A89AC2FA244D9C6F00DF37B1 /* Launch */,
				A8CD5B74240948FA00F73989 /* Welcome */,
				A8CD5B3D2407F64700F73989 /* Main.storyboard */,
			);
			path = UI;
			sourceTree = "<group>";
		};
		A8CD5B69240801F500F73989 /* Common */ = {
			isa = PBXGroup;
			children = (
				A89AC301244DB8CE00DF37B1 /* DispatchQueue.swift */,
				A85EB05D24165EFD008A0022 /* String.swift */,
				A8DD963C2464831200BF67EA /* KeyboardHelper.swift */,
			);
			path = Common;
			sourceTree = "<group>";
		};
		A8CD5B6A2408021500F73989 /* Base */ = {
			isa = PBXGroup;
			children = (
				A8CD5B6B2408025300F73989 /* Navigator.swift */,
				A8CD5B70240815EF00F73989 /* AppStoryboard.swift */,
				A8CD5B7724094A1500F73989 /* BaseViewController.swift */,
				A8CD5B7924094A3000F73989 /* BaseViewModel.swift */,
				A85EB06124168480008A0022 /* Dimension.swift */,
			);
			path = Base;
			sourceTree = "<group>";
		};
		A8CD5B6D2408141600F73989 /* Extensions */ = {
			isa = PBXGroup;
			children = (
				A8CD5B6E2408143800F73989 /* UIViewController.swift */,
				A85EB05F24167128008A0022 /* UIColor.swift */,
				A85EB065241693DD008A0022 /* UIView.swift */,
				A85EB06724169599008A0022 /* UIButton.swift */,
				A85EB0692416967C008A0022 /* UILabel.swift */,
				A89AC303244DBD6700DF37B1 /* UIImageView.swift */,
				A8DD963A2464558C00BF67EA /* UIImage.swift */,
			);
			path = Extensions;
			sourceTree = "<group>";
		};
		A8CD5B74240948FA00F73989 /* Welcome */ = {
			isa = PBXGroup;
			children = (
				A8CD5B722409463700F73989 /* Welcome.storyboard */,
				A8CD5B75240949E200F73989 /* LoginViewController.swift */,
				A8CD5B7B24094BC600F73989 /* LoginViewModel.swift */,
				A80549D0240EA7B200B25C42 /* WelcomeNavigator.swift */,
			);
			path = Welcome;
			sourceTree = "<group>";
		};
/* End PBXGroup section */

/* Begin PBXNativeTarget section */
		A8CD5B352407F64700F73989 /* RedKeep */ = {
			isa = PBXNativeTarget;
			buildConfigurationList = A8CD5B5E2407F64C00F73989 /* Build configuration list for PBXNativeTarget "RedKeep" */;
			buildPhases = (
				92BF4544CFE8BA59560D08DC /* [CP] Check Pods Manifest.lock */,
				A8CD5B322407F64700F73989 /* Sources */,
				A8CD5B332407F64700F73989 /* Frameworks */,
				A8CD5B342407F64700F73989 /* Resources */,
				7EBED0F0EB16D3F09CCC752F /* [CP] Embed Pods Frameworks */,
			);
			buildRules = (
			);
			dependencies = (
			);
			name = RedKeep;
			productName = RedKeep;
			productReference = A8CD5B362407F64700F73989 /* RedKeep.app */;
			productType = "com.apple.product-type.application";
		};
		A8CD5B492407F64C00F73989 /* RedKeepTests */ = {
			isa = PBXNativeTarget;
			buildConfigurationList = A8CD5B612407F64C00F73989 /* Build configuration list for PBXNativeTarget "RedKeepTests" */;
			buildPhases = (
				02072EF2CDA5D72FCF4D19FD /* [CP] Check Pods Manifest.lock */,
				A8CD5B462407F64C00F73989 /* Sources */,
				A8CD5B472407F64C00F73989 /* Frameworks */,
				A8CD5B482407F64C00F73989 /* Resources */,
			);
			buildRules = (
			);
			dependencies = (
				A8CD5B4C2407F64C00F73989 /* PBXTargetDependency */,
			);
			name = RedKeepTests;
			productName = RedKeepTests;
			productReference = A8CD5B4A2407F64C00F73989 /* RedKeepTests.xctest */;
			productType = "com.apple.product-type.bundle.unit-test";
		};
		A8CD5B542407F64C00F73989 /* RedKeepUITests */ = {
			isa = PBXNativeTarget;
			buildConfigurationList = A8CD5B642407F64C00F73989 /* Build configuration list for PBXNativeTarget "RedKeepUITests" */;
			buildPhases = (
				5AB992E5CE756F2A7F632D23 /* [CP] Check Pods Manifest.lock */,
				A8CD5B512407F64C00F73989 /* Sources */,
				A8CD5B522407F64C00F73989 /* Frameworks */,
				A8CD5B532407F64C00F73989 /* Resources */,
				8FC73E61ACF5A55978005874 /* [CP] Embed Pods Frameworks */,
			);
			buildRules = (
			);
			dependencies = (
				A8CD5B572407F64C00F73989 /* PBXTargetDependency */,
			);
			name = RedKeepUITests;
			productName = RedKeepUITests;
			productReference = A8CD5B552407F64C00F73989 /* RedKeepUITests.xctest */;
			productType = "com.apple.product-type.bundle.ui-testing";
		};
/* End PBXNativeTarget section */

/* Begin PBXProject section */
		A8CD5B2E2407F64700F73989 /* Project object */ = {
			isa = PBXProject;
			attributes = {
				LastSwiftUpdateCheck = 1020;
				LastUpgradeCheck = 1020;
				ORGANIZATIONNAME = "Ademir Havic";
				TargetAttributes = {
					A8CD5B352407F64700F73989 = {
						CreatedOnToolsVersion = 10.2;
					};
					A8CD5B492407F64C00F73989 = {
						CreatedOnToolsVersion = 10.2;
						TestTargetID = A8CD5B352407F64700F73989;
					};
					A8CD5B542407F64C00F73989 = {
						CreatedOnToolsVersion = 10.2;
						TestTargetID = A8CD5B352407F64700F73989;
					};
				};
			};
			buildConfigurationList = A8CD5B312407F64700F73989 /* Build configuration list for PBXProject "RedKeep" */;
			compatibilityVersion = "Xcode 9.3";
			developmentRegion = en;
			hasScannedForEncodings = 0;
			knownRegions = (
				en,
				Base,
			);
			mainGroup = A8CD5B2D2407F64700F73989;
			productRefGroup = A8CD5B372407F64700F73989 /* Products */;
			projectDirPath = "";
			projectRoot = "";
			targets = (
				A8CD5B352407F64700F73989 /* RedKeep */,
				A8CD5B492407F64C00F73989 /* RedKeepTests */,
				A8CD5B542407F64C00F73989 /* RedKeepUITests */,
			);
		};
/* End PBXProject section */

/* Begin PBXResourcesBuildPhase section */
		A8CD5B342407F64700F73989 /* Resources */ = {
			isa = PBXResourcesBuildPhase;
			buildActionMask = 2147483647;
			files = (
				A85EB06424168FD8008A0022 /* Localizable.strings in Resources */,
				A89AC306244DCE6D00DF37B1 /* LaunchScreen.storyboard in Resources */,
				A8CD5B732409463700F73989 /* Welcome.storyboard in Resources */,
				A8CD5B412407F64B00F73989 /* Assets.xcassets in Resources */,
				A8CD5B3F2407F64700F73989 /* Main.storyboard in Resources */,
			);
			runOnlyForDeploymentPostprocessing = 0;
		};
		A8CD5B482407F64C00F73989 /* Resources */ = {
			isa = PBXResourcesBuildPhase;
			buildActionMask = 2147483647;
			files = (
			);
			runOnlyForDeploymentPostprocessing = 0;
		};
		A8CD5B532407F64C00F73989 /* Resources */ = {
			isa = PBXResourcesBuildPhase;
			buildActionMask = 2147483647;
			files = (
			);
			runOnlyForDeploymentPostprocessing = 0;
		};
/* End PBXResourcesBuildPhase section */

/* Begin PBXShellScriptBuildPhase section */
		02072EF2CDA5D72FCF4D19FD /* [CP] Check Pods Manifest.lock */ = {
			isa = PBXShellScriptBuildPhase;
			buildActionMask = 2147483647;
			files = (
			);
			inputFileListPaths = (
			);
			inputPaths = (
				"${PODS_PODFILE_DIR_PATH}/Podfile.lock",
				"${PODS_ROOT}/Manifest.lock",
			);
			name = "[CP] Check Pods Manifest.lock";
			outputFileListPaths = (
			);
			outputPaths = (
				"$(DERIVED_FILE_DIR)/Pods-RedKeepTests-checkManifestLockResult.txt",
			);
			runOnlyForDeploymentPostprocessing = 0;
			shellPath = /bin/sh;
			shellScript = "diff \"${PODS_PODFILE_DIR_PATH}/Podfile.lock\" \"${PODS_ROOT}/Manifest.lock\" > /dev/null\nif [ $? != 0 ] ; then\n    # print error to STDERR\n    echo \"error: The sandbox is not in sync with the Podfile.lock. Run 'pod install' or update your CocoaPods installation.\" >&2\n    exit 1\nfi\n# This output is used by Xcode 'outputs' to avoid re-running this script phase.\necho \"SUCCESS\" > \"${SCRIPT_OUTPUT_FILE_0}\"\n";
			showEnvVarsInLog = 0;
		};
		5AB992E5CE756F2A7F632D23 /* [CP] Check Pods Manifest.lock */ = {
			isa = PBXShellScriptBuildPhase;
			buildActionMask = 2147483647;
			files = (
			);
			inputFileListPaths = (
			);
			inputPaths = (
				"${PODS_PODFILE_DIR_PATH}/Podfile.lock",
				"${PODS_ROOT}/Manifest.lock",
			);
			name = "[CP] Check Pods Manifest.lock";
			outputFileListPaths = (
			);
			outputPaths = (
				"$(DERIVED_FILE_DIR)/Pods-RedKeep-RedKeepUITests-checkManifestLockResult.txt",
			);
			runOnlyForDeploymentPostprocessing = 0;
			shellPath = /bin/sh;
			shellScript = "diff \"${PODS_PODFILE_DIR_PATH}/Podfile.lock\" \"${PODS_ROOT}/Manifest.lock\" > /dev/null\nif [ $? != 0 ] ; then\n    # print error to STDERR\n    echo \"error: The sandbox is not in sync with the Podfile.lock. Run 'pod install' or update your CocoaPods installation.\" >&2\n    exit 1\nfi\n# This output is used by Xcode 'outputs' to avoid re-running this script phase.\necho \"SUCCESS\" > \"${SCRIPT_OUTPUT_FILE_0}\"\n";
			showEnvVarsInLog = 0;
		};
		7EBED0F0EB16D3F09CCC752F /* [CP] Embed Pods Frameworks */ = {
			isa = PBXShellScriptBuildPhase;
			buildActionMask = 2147483647;
			files = (
			);
			inputFileListPaths = (
				"${PODS_ROOT}/Target Support Files/Pods-RedKeep/Pods-RedKeep-frameworks-${CONFIGURATION}-input-files.xcfilelist",
			);
			name = "[CP] Embed Pods Frameworks";
			outputFileListPaths = (
				"${PODS_ROOT}/Target Support Files/Pods-RedKeep/Pods-RedKeep-frameworks-${CONFIGURATION}-output-files.xcfilelist",
			);
			runOnlyForDeploymentPostprocessing = 0;
			shellPath = /bin/sh;
			shellScript = "\"${PODS_ROOT}/Target Support Files/Pods-RedKeep/Pods-RedKeep-frameworks.sh\"\n";
			showEnvVarsInLog = 0;
		};
		8FC73E61ACF5A55978005874 /* [CP] Embed Pods Frameworks */ = {
			isa = PBXShellScriptBuildPhase;
			buildActionMask = 2147483647;
			files = (
			);
			inputFileListPaths = (
				"${PODS_ROOT}/Target Support Files/Pods-RedKeep-RedKeepUITests/Pods-RedKeep-RedKeepUITests-frameworks-${CONFIGURATION}-input-files.xcfilelist",
			);
			name = "[CP] Embed Pods Frameworks";
			outputFileListPaths = (
				"${PODS_ROOT}/Target Support Files/Pods-RedKeep-RedKeepUITests/Pods-RedKeep-RedKeepUITests-frameworks-${CONFIGURATION}-output-files.xcfilelist",
			);
			runOnlyForDeploymentPostprocessing = 0;
			shellPath = /bin/sh;
			shellScript = "\"${PODS_ROOT}/Target Support Files/Pods-RedKeep-RedKeepUITests/Pods-RedKeep-RedKeepUITests-frameworks.sh\"\n";
			showEnvVarsInLog = 0;
		};
		92BF4544CFE8BA59560D08DC /* [CP] Check Pods Manifest.lock */ = {
			isa = PBXShellScriptBuildPhase;
			buildActionMask = 2147483647;
			files = (
			);
			inputFileListPaths = (
			);
			inputPaths = (
				"${PODS_PODFILE_DIR_PATH}/Podfile.lock",
				"${PODS_ROOT}/Manifest.lock",
			);
			name = "[CP] Check Pods Manifest.lock";
			outputFileListPaths = (
			);
			outputPaths = (
				"$(DERIVED_FILE_DIR)/Pods-RedKeep-checkManifestLockResult.txt",
			);
			runOnlyForDeploymentPostprocessing = 0;
			shellPath = /bin/sh;
			shellScript = "diff \"${PODS_PODFILE_DIR_PATH}/Podfile.lock\" \"${PODS_ROOT}/Manifest.lock\" > /dev/null\nif [ $? != 0 ] ; then\n    # print error to STDERR\n    echo \"error: The sandbox is not in sync with the Podfile.lock. Run 'pod install' or update your CocoaPods installation.\" >&2\n    exit 1\nfi\n# This output is used by Xcode 'outputs' to avoid re-running this script phase.\necho \"SUCCESS\" > \"${SCRIPT_OUTPUT_FILE_0}\"\n";
			showEnvVarsInLog = 0;
		};
/* End PBXShellScriptBuildPhase section */

/* Begin PBXSourcesBuildPhase section */
		A8CD5B322407F64700F73989 /* Sources */ = {
			isa = PBXSourcesBuildPhase;
			buildActionMask = 2147483647;
			files = (
				A85EB06824169599008A0022 /* UIButton.swift in Sources */,
				A85EB06E2418E70E008A0022 /* Style.swift in Sources */,
				A85EB066241693DD008A0022 /* UIView.swift in Sources */,
				A8CD5B76240949E200F73989 /* LoginViewController.swift in Sources */,
				A85EB06024167128008A0022 /* UIColor.swift in Sources */,
				A85EB06A2416967C008A0022 /* UILabel.swift in Sources */,
				A8DD963B2464558C00BF67EA /* UIImage.swift in Sources */,
				A89AC300244D9FC100DF37B1 /* LaunchNavigator.swift in Sources */,
				A85EB05E24165EFD008A0022 /* String.swift in Sources */,
				A8CD5B71240815EF00F73989 /* AppStoryboard.swift in Sources */,
				A8CD5B3A2407F64700F73989 /* AppDelegate.swift in Sources */,
				A89AC2FE244D9F8F00DF37B1 /* LaunchViewModel.swift in Sources */,
				A89AC304244DBD6700DF37B1 /* UIImageView.swift in Sources */,
				A80549D1240EA7B300B25C42 /* WelcomeNavigator.swift in Sources */,
				A8CD5B6F2408143800F73989 /* UIViewController.swift in Sources */,
				A86641BF24191FB200A6A248 /* AppStyle.swift in Sources */,
				A8DD963D2464831200BF67EA /* KeyboardHelper.swift in Sources */,
				A86641C3241A7DD500A6A248 /* AppConfiguration.swift in Sources */,
				A8A104ED24111FB3003697E0 /* LoginRepository.swift in Sources */,
				A85EB06224168480008A0022 /* Dimension.swift in Sources */,
				A85EB05C2412958C008A0022 /* PrimaryTextField.swift in Sources */,
				A8CD5B7A24094A3000F73989 /* BaseViewModel.swift in Sources */,
				A8CD5B7824094A1500F73989 /* BaseViewController.swift in Sources */,
				A8CD5B6C2408025300F73989 /* Navigator.swift in Sources */,
				A89AC2FC244D9F2F00DF37B1 /* LaunchViewController.swift in Sources */,
				A8CD5B7C24094BC600F73989 /* LoginViewModel.swift in Sources */,
				A89AC302244DB8CE00DF37B1 /* DispatchQueue.swift in Sources */,
				A8A104F024114733003697E0 /* User.swift in Sources */,
			);
			runOnlyForDeploymentPostprocessing = 0;
		};
		A8CD5B462407F64C00F73989 /* Sources */ = {
			isa = PBXSourcesBuildPhase;
			buildActionMask = 2147483647;
			files = (
				A8CD5B4F2407F64C00F73989 /* RedKeepTests.swift in Sources */,
			);
			runOnlyForDeploymentPostprocessing = 0;
		};
		A8CD5B512407F64C00F73989 /* Sources */ = {
			isa = PBXSourcesBuildPhase;
			buildActionMask = 2147483647;
			files = (
				A8CD5B5A2407F64C00F73989 /* RedKeepUITests.swift in Sources */,
			);
			runOnlyForDeploymentPostprocessing = 0;
		};
/* End PBXSourcesBuildPhase section */

/* Begin PBXTargetDependency section */
		A8CD5B4C2407F64C00F73989 /* PBXTargetDependency */ = {
			isa = PBXTargetDependency;
			target = A8CD5B352407F64700F73989 /* RedKeep */;
			targetProxy = A8CD5B4B2407F64C00F73989 /* PBXContainerItemProxy */;
		};
		A8CD5B572407F64C00F73989 /* PBXTargetDependency */ = {
			isa = PBXTargetDependency;
			target = A8CD5B352407F64700F73989 /* RedKeep */;
			targetProxy = A8CD5B562407F64C00F73989 /* PBXContainerItemProxy */;
		};
/* End PBXTargetDependency section */

/* Begin PBXVariantGroup section */
		A8CD5B3D2407F64700F73989 /* Main.storyboard */ = {
			isa = PBXVariantGroup;
			children = (
				A8CD5B3E2407F64700F73989 /* Base */,
			);
			name = Main.storyboard;
			sourceTree = "<group>";
		};
/* End PBXVariantGroup section */

/* Begin XCBuildConfiguration section */
		A8CD5B5C2407F64C00F73989 /* Debug */ = {
			isa = XCBuildConfiguration;
			buildSettings = {
				ALWAYS_SEARCH_USER_PATHS = NO;
				CLANG_ANALYZER_NONNULL = YES;
				CLANG_ANALYZER_NUMBER_OBJECT_CONVERSION = YES_AGGRESSIVE;
				CLANG_CXX_LANGUAGE_STANDARD = "gnu++14";
				CLANG_CXX_LIBRARY = "libc++";
				CLANG_ENABLE_MODULES = YES;
				CLANG_ENABLE_OBJC_ARC = YES;
				CLANG_ENABLE_OBJC_WEAK = YES;
				CLANG_WARN_BLOCK_CAPTURE_AUTORELEASING = YES;
				CLANG_WARN_BOOL_CONVERSION = YES;
				CLANG_WARN_COMMA = YES;
				CLANG_WARN_CONSTANT_CONVERSION = YES;
				CLANG_WARN_DEPRECATED_OBJC_IMPLEMENTATIONS = YES;
				CLANG_WARN_DIRECT_OBJC_ISA_USAGE = YES_ERROR;
				CLANG_WARN_DOCUMENTATION_COMMENTS = YES;
				CLANG_WARN_EMPTY_BODY = YES;
				CLANG_WARN_ENUM_CONVERSION = YES;
				CLANG_WARN_INFINITE_RECURSION = YES;
				CLANG_WARN_INT_CONVERSION = YES;
				CLANG_WARN_NON_LITERAL_NULL_CONVERSION = YES;
				CLANG_WARN_OBJC_IMPLICIT_RETAIN_SELF = YES;
				CLANG_WARN_OBJC_LITERAL_CONVERSION = YES;
				CLANG_WARN_OBJC_ROOT_CLASS = YES_ERROR;
				CLANG_WARN_RANGE_LOOP_ANALYSIS = YES;
				CLANG_WARN_STRICT_PROTOTYPES = YES;
				CLANG_WARN_SUSPICIOUS_MOVE = YES;
				CLANG_WARN_UNGUARDED_AVAILABILITY = YES_AGGRESSIVE;
				CLANG_WARN_UNREACHABLE_CODE = YES;
				CLANG_WARN__DUPLICATE_METHOD_MATCH = YES;
				CODE_SIGN_IDENTITY = "iPhone Developer";
				COPY_PHASE_STRIP = NO;
				DEBUG_INFORMATION_FORMAT = dwarf;
				ENABLE_STRICT_OBJC_MSGSEND = YES;
				ENABLE_TESTABILITY = YES;
				GCC_C_LANGUAGE_STANDARD = gnu11;
				GCC_DYNAMIC_NO_PIC = NO;
				GCC_NO_COMMON_BLOCKS = YES;
				GCC_OPTIMIZATION_LEVEL = 0;
				GCC_PREPROCESSOR_DEFINITIONS = (
					"DEBUG=1",
					"$(inherited)",
				);
				GCC_WARN_64_TO_32_BIT_CONVERSION = YES;
				GCC_WARN_ABOUT_RETURN_TYPE = YES_ERROR;
				GCC_WARN_UNDECLARED_SELECTOR = YES;
				GCC_WARN_UNINITIALIZED_AUTOS = YES_AGGRESSIVE;
				GCC_WARN_UNUSED_FUNCTION = YES;
				GCC_WARN_UNUSED_VARIABLE = YES;
				IPHONEOS_DEPLOYMENT_TARGET = 12.2;
				MTL_ENABLE_DEBUG_INFO = INCLUDE_SOURCE;
				MTL_FAST_MATH = YES;
				ONLY_ACTIVE_ARCH = YES;
				SDKROOT = iphoneos;
				SWIFT_ACTIVE_COMPILATION_CONDITIONS = DEBUG;
				SWIFT_OPTIMIZATION_LEVEL = "-Onone";
			};
			name = Debug;
		};
		A8CD5B5D2407F64C00F73989 /* Release */ = {
			isa = XCBuildConfiguration;
			buildSettings = {
				ALWAYS_SEARCH_USER_PATHS = NO;
				CLANG_ANALYZER_NONNULL = YES;
				CLANG_ANALYZER_NUMBER_OBJECT_CONVERSION = YES_AGGRESSIVE;
				CLANG_CXX_LANGUAGE_STANDARD = "gnu++14";
				CLANG_CXX_LIBRARY = "libc++";
				CLANG_ENABLE_MODULES = YES;
				CLANG_ENABLE_OBJC_ARC = YES;
				CLANG_ENABLE_OBJC_WEAK = YES;
				CLANG_WARN_BLOCK_CAPTURE_AUTORELEASING = YES;
				CLANG_WARN_BOOL_CONVERSION = YES;
				CLANG_WARN_COMMA = YES;
				CLANG_WARN_CONSTANT_CONVERSION = YES;
				CLANG_WARN_DEPRECATED_OBJC_IMPLEMENTATIONS = YES;
				CLANG_WARN_DIRECT_OBJC_ISA_USAGE = YES_ERROR;
				CLANG_WARN_DOCUMENTATION_COMMENTS = YES;
				CLANG_WARN_EMPTY_BODY = YES;
				CLANG_WARN_ENUM_CONVERSION = YES;
				CLANG_WARN_INFINITE_RECURSION = YES;
				CLANG_WARN_INT_CONVERSION = YES;
				CLANG_WARN_NON_LITERAL_NULL_CONVERSION = YES;
				CLANG_WARN_OBJC_IMPLICIT_RETAIN_SELF = YES;
				CLANG_WARN_OBJC_LITERAL_CONVERSION = YES;
				CLANG_WARN_OBJC_ROOT_CLASS = YES_ERROR;
				CLANG_WARN_RANGE_LOOP_ANALYSIS = YES;
				CLANG_WARN_STRICT_PROTOTYPES = YES;
				CLANG_WARN_SUSPICIOUS_MOVE = YES;
				CLANG_WARN_UNGUARDED_AVAILABILITY = YES_AGGRESSIVE;
				CLANG_WARN_UNREACHABLE_CODE = YES;
				CLANG_WARN__DUPLICATE_METHOD_MATCH = YES;
				CODE_SIGN_IDENTITY = "iPhone Developer";
				COPY_PHASE_STRIP = NO;
				DEBUG_INFORMATION_FORMAT = "dwarf-with-dsym";
				ENABLE_NS_ASSERTIONS = NO;
				ENABLE_STRICT_OBJC_MSGSEND = YES;
				GCC_C_LANGUAGE_STANDARD = gnu11;
				GCC_NO_COMMON_BLOCKS = YES;
				GCC_WARN_64_TO_32_BIT_CONVERSION = YES;
				GCC_WARN_ABOUT_RETURN_TYPE = YES_ERROR;
				GCC_WARN_UNDECLARED_SELECTOR = YES;
				GCC_WARN_UNINITIALIZED_AUTOS = YES_AGGRESSIVE;
				GCC_WARN_UNUSED_FUNCTION = YES;
				GCC_WARN_UNUSED_VARIABLE = YES;
				IPHONEOS_DEPLOYMENT_TARGET = 12.2;
				MTL_ENABLE_DEBUG_INFO = NO;
				MTL_FAST_MATH = YES;
				SDKROOT = iphoneos;
				SWIFT_COMPILATION_MODE = wholemodule;
				SWIFT_OPTIMIZATION_LEVEL = "-O";
				VALIDATE_PRODUCT = YES;
			};
			name = Release;
		};
		A8CD5B5F2407F64C00F73989 /* Debug */ = {
			isa = XCBuildConfiguration;
			baseConfigurationReference = F0E958B62E01B78762FDEB8F /* Pods-RedKeep.debug.xcconfig */;
			buildSettings = {
				ASSETCATALOG_COMPILER_APPICON_NAME = AppIcon;
				CODE_SIGN_STYLE = Automatic;
				INFOPLIST_FILE = RedKeep/Info.plist;
				IPHONEOS_DEPLOYMENT_TARGET = 11.0;
				LD_RUNPATH_SEARCH_PATHS = (
					"$(inherited)",
					"@executable_path/Frameworks",
				);
				PRODUCT_BUNDLE_IDENTIFIER = ba.ahavic.RedKeep;
				PRODUCT_NAME = "$(TARGET_NAME)";
				SWIFT_VERSION = 5.0;
				TARGETED_DEVICE_FAMILY = "1,2";
			};
			name = Debug;
		};
		A8CD5B602407F64C00F73989 /* Release */ = {
			isa = XCBuildConfiguration;
			baseConfigurationReference = BD7A68058CA9D966158F846C /* Pods-RedKeep.release.xcconfig */;
			buildSettings = {
				ASSETCATALOG_COMPILER_APPICON_NAME = AppIcon;
				CODE_SIGN_STYLE = Automatic;
				INFOPLIST_FILE = RedKeep/Info.plist;
				IPHONEOS_DEPLOYMENT_TARGET = 11.0;
				LD_RUNPATH_SEARCH_PATHS = (
					"$(inherited)",
					"@executable_path/Frameworks",
				);
				PRODUCT_BUNDLE_IDENTIFIER = ba.ahavic.RedKeep;
				PRODUCT_NAME = "$(TARGET_NAME)";
				SWIFT_VERSION = 5.0;
				TARGETED_DEVICE_FAMILY = "1,2";
			};
			name = Release;
		};
		A8CD5B622407F64C00F73989 /* Debug */ = {
			isa = XCBuildConfiguration;
			baseConfigurationReference = AB97C0A7D1CEDFC00E5F8A8F /* Pods-RedKeepTests.debug.xcconfig */;
			buildSettings = {
				ALWAYS_EMBED_SWIFT_STANDARD_LIBRARIES = YES;
				BUNDLE_LOADER = "$(TEST_HOST)";
				CODE_SIGN_STYLE = Automatic;
				INFOPLIST_FILE = RedKeepTests/Info.plist;
				LD_RUNPATH_SEARCH_PATHS = (
					"$(inherited)",
					"@executable_path/Frameworks",
					"@loader_path/Frameworks",
				);
				PRODUCT_BUNDLE_IDENTIFIER = ba.ahavic.RedKeepTests;
				PRODUCT_NAME = "$(TARGET_NAME)";
				SWIFT_VERSION = 5.0;
				TARGETED_DEVICE_FAMILY = "1,2";
				TEST_HOST = "$(BUILT_PRODUCTS_DIR)/RedKeep.app/RedKeep";
			};
			name = Debug;
		};
		A8CD5B632407F64C00F73989 /* Release */ = {
			isa = XCBuildConfiguration;
			baseConfigurationReference = C92BDB581921A06D530E07CB /* Pods-RedKeepTests.release.xcconfig */;
			buildSettings = {
				ALWAYS_EMBED_SWIFT_STANDARD_LIBRARIES = YES;
				BUNDLE_LOADER = "$(TEST_HOST)";
				CODE_SIGN_STYLE = Automatic;
				INFOPLIST_FILE = RedKeepTests/Info.plist;
				LD_RUNPATH_SEARCH_PATHS = (
					"$(inherited)",
					"@executable_path/Frameworks",
					"@loader_path/Frameworks",
				);
				PRODUCT_BUNDLE_IDENTIFIER = ba.ahavic.RedKeepTests;
				PRODUCT_NAME = "$(TARGET_NAME)";
				SWIFT_VERSION = 5.0;
				TARGETED_DEVICE_FAMILY = "1,2";
				TEST_HOST = "$(BUILT_PRODUCTS_DIR)/RedKeep.app/RedKeep";
			};
			name = Release;
		};
		A8CD5B652407F64C00F73989 /* Debug */ = {
			isa = XCBuildConfiguration;
			baseConfigurationReference = 42161DCDBD568EA3A64C2D8C /* Pods-RedKeep-RedKeepUITests.debug.xcconfig */;
			buildSettings = {
				ALWAYS_EMBED_SWIFT_STANDARD_LIBRARIES = YES;
				CODE_SIGN_STYLE = Automatic;
				INFOPLIST_FILE = RedKeepUITests/Info.plist;
				LD_RUNPATH_SEARCH_PATHS = (
					"$(inherited)",
					"@executable_path/Frameworks",
					"@loader_path/Frameworks",
				);
				PRODUCT_BUNDLE_IDENTIFIER = ba.ahavic.RedKeepUITests;
				PRODUCT_NAME = "$(TARGET_NAME)";
				SWIFT_VERSION = 5.0;
				TARGETED_DEVICE_FAMILY = "1,2";
				TEST_TARGET_NAME = RedKeep;
			};
			name = Debug;
		};
		A8CD5B662407F64C00F73989 /* Release */ = {
			isa = XCBuildConfiguration;
			baseConfigurationReference = F43604B2707DEAE6A804FDBE /* Pods-RedKeep-RedKeepUITests.release.xcconfig */;
			buildSettings = {
				ALWAYS_EMBED_SWIFT_STANDARD_LIBRARIES = YES;
				CODE_SIGN_STYLE = Automatic;
				INFOPLIST_FILE = RedKeepUITests/Info.plist;
				LD_RUNPATH_SEARCH_PATHS = (
					"$(inherited)",
					"@executable_path/Frameworks",
					"@loader_path/Frameworks",
				);
				PRODUCT_BUNDLE_IDENTIFIER = ba.ahavic.RedKeepUITests;
				PRODUCT_NAME = "$(TARGET_NAME)";
				SWIFT_VERSION = 5.0;
				TARGETED_DEVICE_FAMILY = "1,2";
				TEST_TARGET_NAME = RedKeep;
			};
			name = Release;
		};
/* End XCBuildConfiguration section */

/* Begin XCConfigurationList section */
		A8CD5B312407F64700F73989 /* Build configuration list for PBXProject "RedKeep" */ = {
			isa = XCConfigurationList;
			buildConfigurations = (
				A8CD5B5C2407F64C00F73989 /* Debug */,
				A8CD5B5D2407F64C00F73989 /* Release */,
			);
			defaultConfigurationIsVisible = 0;
			defaultConfigurationName = Release;
		};
		A8CD5B5E2407F64C00F73989 /* Build configuration list for PBXNativeTarget "RedKeep" */ = {
			isa = XCConfigurationList;
			buildConfigurations = (
				A8CD5B5F2407F64C00F73989 /* Debug */,
				A8CD5B602407F64C00F73989 /* Release */,
			);
			defaultConfigurationIsVisible = 0;
			defaultConfigurationName = Release;
		};
		A8CD5B612407F64C00F73989 /* Build configuration list for PBXNativeTarget "RedKeepTests" */ = {
			isa = XCConfigurationList;
			buildConfigurations = (
				A8CD5B622407F64C00F73989 /* Debug */,
				A8CD5B632407F64C00F73989 /* Release */,
			);
			defaultConfigurationIsVisible = 0;
			defaultConfigurationName = Release;
		};
		A8CD5B642407F64C00F73989 /* Build configuration list for PBXNativeTarget "RedKeepUITests" */ = {
			isa = XCConfigurationList;
			buildConfigurations = (
				A8CD5B652407F64C00F73989 /* Debug */,
				A8CD5B662407F64C00F73989 /* Release */,
			);
			defaultConfigurationIsVisible = 0;
			defaultConfigurationName = Release;
		};
/* End XCConfigurationList section */
	};
	rootObject = A8CD5B2E2407F64700F73989 /* Project object */;
}
